
Microsoft Visual Studio Solution File, Format Version 12.00
# Visual Studio Version 17
VisualStudioVersion = 17.5.33502.453
MinimumVisualStudioVersion = 10.0.40219.1
Project("{FAE04EC0-301F-11D3-BF4B-00C04F79EFBC}") = "sql_And_Css", "sql_And_Css.csproj", "{24CD2535-9D87-4A4C-9EBF-E4A4C43D2FB7}"
EndProject
Global
	GlobalSection(SolutionConfigurationPlatforms) = preSolution
		Debug|Any CPU = Debug|Any CPU
		Release|Any CPU = Release|Any CPU
	EndGlobalSection
	GlobalSection(ProjectConfigurationPlatforms) = postSolution
		{24CD2535-9D87-4A4C-9EBF-E4A4C43D2FB7}.Debug|Any CPU.ActiveCfg = Debug|Any CPU
		{24CD2535-9D87-4A4C-9EBF-E4A4C43D2FB7}.Debug|Any CPU.Build.0 = Debug|Any CPU
		{24CD2535-9D87-4A4C-9EBF-E4A4C43D2FB7}.Release|Any CPU.ActiveCfg = Release|Any CPU
		{24CD2535-9D87-4A4C-9EBF-E4A4C43D2FB7}.Release|Any CPU.Build.0 = Release|Any CPU
	EndGlobalSection
	GlobalSection(SolutionProperties) = preSolution
		HideSolutionNode = FALSE
	EndGlobalSection
	GlobalSection(ExtensibilityGlobals) = postSolution
		SolutionGuid = {4DEC0A07-9D90-4857-BA8F-C3DB45F5046C}
	EndGlobalSection
EndGlobal
