
Microsoft Visual Studio Solution File, Format Version 12.00
# Visual Studio Version 17
VisualStudioVersion = 17.5.33502.453
MinimumVisualStudioVersion = 10.0.40219.1
Project("{FAE04EC0-301F-11D3-BF4B-00C04F79EFBC}") = "form-features", "form-features.csproj", "{82B66CC7-C6B6-4CBC-8AE3-F40E8DD9AE81}"
EndProject
Global
	GlobalSection(SolutionConfigurationPlatforms) = preSolution
		Debug|Any CPU = Debug|Any CPU
		Release|Any CPU = Release|Any CPU
	EndGlobalSection
	GlobalSection(ProjectConfigurationPlatforms) = postSolution
		{82B66CC7-C6B6-4CBC-8AE3-F40E8DD9AE81}.Debug|Any CPU.ActiveCfg = Debug|Any CPU
		{82B66CC7-C6B6-4CBC-8AE3-F40E8DD9AE81}.Debug|Any CPU.Build.0 = Debug|Any CPU
		{82B66CC7-C6B6-4CBC-8AE3-F40E8DD9AE81}.Release|Any CPU.ActiveCfg = Release|Any CPU
		{82B66CC7-C6B6-4CBC-8AE3-F40E8DD9AE81}.Release|Any CPU.Build.0 = Release|Any CPU
	EndGlobalSection
	GlobalSection(SolutionProperties) = preSolution
		HideSolutionNode = FALSE
	EndGlobalSection
	GlobalSection(ExtensibilityGlobals) = postSolution
		SolutionGuid = {B5CD7174-F3BD-441B-9B79-19830DEB64AB}
	EndGlobalSection
EndGlobal
